
Microsoft Visual Studio Solution File, Format Version 12.00
# Visual Studio Version 17
VisualStudioVersion = 17.6.33723.286
MinimumVisualStudioVersion = 10.0.40219.1
Project("{FAE04EC0-301F-11D3-BF4B-00C04F79EFBC}") = "DevOps", "DevOps\DevOps.csproj", "{D4243FB0-250B-48DE-A869-64DAE45806B1}"
EndProject
Project("{FAE04EC0-301F-11D3-BF4B-00C04F79EFBC}") = "DevOpsTests", "DevOpsTests\DevOpsTests.csproj", "{02A3C11F-0970-4AD8-B556-9664187A2472}"
EndProject
Global
	GlobalSection(SolutionConfigurationPlatforms) = preSolution
		Debug|Any CPU = Debug|Any CPU
		Release|Any CPU = Release|Any CPU
	EndGlobalSection
	GlobalSection(ProjectConfigurationPlatforms) = postSolution
		{D4243FB0-250B-48DE-A869-64DAE45806B1}.Debug|Any CPU.ActiveCfg = Debug|Any CPU
		{D4243FB0-250B-48DE-A869-64DAE45806B1}.Debug|Any CPU.Build.0 = Debug|Any CPU
		{D4243FB0-250B-48DE-A869-64DAE45806B1}.Release|Any CPU.ActiveCfg = Release|Any CPU
		{D4243FB0-250B-48DE-A869-64DAE45806B1}.Release|Any CPU.Build.0 = Release|Any CPU
		{02A3C11F-0970-4AD8-B556-9664187A2472}.Debug|Any CPU.ActiveCfg = Debug|Any CPU
		{02A3C11F-0970-4AD8-B556-9664187A2472}.Debug|Any CPU.Build.0 = Debug|Any CPU
		{02A3C11F-0970-4AD8-B556-9664187A2472}.Release|Any CPU.ActiveCfg = Release|Any CPU
		{02A3C11F-0970-4AD8-B556-9664187A2472}.Release|Any CPU.Build.0 = Release|Any CPU
	EndGlobalSection
	GlobalSection(SolutionProperties) = preSolution
		HideSolutionNode = FALSE
	EndGlobalSection
	GlobalSection(ExtensibilityGlobals) = postSolution
		SolutionGuid = {CD349C54-B496-4F86-8E04-DE73165F4139}
	EndGlobalSection
EndGlobal
